// !$*UTF8*$!
{
	archiveVersion = 1;
	classes = {
	};
	objectVersion = 50;
	objects = {

/* Begin PBXBuildFile section */
		7632D4D723A8262900335953 /* AppDelegate.swift in Sources */ = {isa = PBXBuildFile; fileRef = 7632D4D623A8262900335953 /* AppDelegate.swift */; };
		7632D4D923A8262900335953 /* SceneDelegate.swift in Sources */ = {isa = PBXBuildFile; fileRef = 7632D4D823A8262900335953 /* SceneDelegate.swift */; };
		7632D4DE23A8262900335953 /* Main.storyboard in Resources */ = {isa = PBXBuildFile; fileRef = 7632D4DC23A8262900335953 /* Main.storyboard */; };
		7632D4E023A8262B00335953 /* Assets.xcassets in Resources */ = {isa = PBXBuildFile; fileRef = 7632D4DF23A8262B00335953 /* Assets.xcassets */; };
		7632D4E323A8262B00335953 /* LaunchScreen.storyboard in Resources */ = {isa = PBXBuildFile; fileRef = 7632D4E123A8262B00335953 /* LaunchScreen.storyboard */; };
		7632D4EE23A8262B00335953 /* theMovie_appTests.swift in Sources */ = {isa = PBXBuildFile; fileRef = 7632D4ED23A8262B00335953 /* theMovie_appTests.swift */; };
		7632D4FE23A83E8A00335953 /* MovieViewController.swift in Sources */ = {isa = PBXBuildFile; fileRef = 7632D4FD23A83E8A00335953 /* MovieViewController.swift */; };
		7632D50123A8411500335953 /* Extensions.swift in Sources */ = {isa = PBXBuildFile; fileRef = 7632D50023A8411500335953 /* Extensions.swift */; };
		763B7FE423A938E5002FEC94 /* ItemCollectionViewCell.swift in Sources */ = {isa = PBXBuildFile; fileRef = 763B7FE223A938E5002FEC94 /* ItemCollectionViewCell.swift */; };
		763B7FE523A938E5002FEC94 /* ItemCollectionViewCell.xib in Resources */ = {isa = PBXBuildFile; fileRef = 763B7FE323A938E5002FEC94 /* ItemCollectionViewCell.xib */; };
		763B7FE823A949A7002FEC94 /* Movie.swift in Sources */ = {isa = PBXBuildFile; fileRef = 763B7FE723A949A7002FEC94 /* Movie.swift */; };
		763B7FEB23A95A17002FEC94 /* PopularMovie.swift in Sources */ = {isa = PBXBuildFile; fileRef = 763B7FEA23A95A17002FEC94 /* PopularMovie.swift */; };
		763B7FED23A95A47002FEC94 /* GenreList.swift in Sources */ = {isa = PBXBuildFile; fileRef = 763B7FEC23A95A47002FEC94 /* GenreList.swift */; };
		763B7FF123A95DD2002FEC94 /* TheMovieRoutes.swift in Sources */ = {isa = PBXBuildFile; fileRef = 763B7FF023A95DD2002FEC94 /* TheMovieRoutes.swift */; };
		763B7FF523A96DB8002FEC94 /* APIError.swift in Sources */ = {isa = PBXBuildFile; fileRef = 763B7FF423A96DB8002FEC94 /* APIError.swift */; };
		763B7FF723A9703E002FEC94 /* RestManager.swift in Sources */ = {isa = PBXBuildFile; fileRef = 763B7FF623A9703E002FEC94 /* RestManager.swift */; };
		763B7FF923A987BB002FEC94 /* HttpMethod.swift in Sources */ = {isa = PBXBuildFile; fileRef = 763B7FF823A987BB002FEC94 /* HttpMethod.swift */; };
/* End PBXBuildFile section */

/* Begin PBXContainerItemProxy section */
		7632D4EA23A8262B00335953 /* PBXContainerItemProxy */ = {
			isa = PBXContainerItemProxy;
			containerPortal = 7632D4CB23A8262900335953 /* Project object */;
			proxyType = 1;
			remoteGlobalIDString = 7632D4D223A8262900335953;
			remoteInfo = "theMovie-app";
		};
/* End PBXContainerItemProxy section */

/* Begin PBXFileReference section */
		7632D4D323A8262900335953 /* theMovie-app.app */ = {isa = PBXFileReference; explicitFileType = wrapper.application; includeInIndex = 0; path = "theMovie-app.app"; sourceTree = BUILT_PRODUCTS_DIR; };
		7632D4D623A8262900335953 /* AppDelegate.swift */ = {isa = PBXFileReference; lastKnownFileType = sourcecode.swift; path = AppDelegate.swift; sourceTree = "<group>"; };
		7632D4D823A8262900335953 /* SceneDelegate.swift */ = {isa = PBXFileReference; lastKnownFileType = sourcecode.swift; path = SceneDelegate.swift; sourceTree = "<group>"; };
		7632D4DD23A8262900335953 /* Base */ = {isa = PBXFileReference; lastKnownFileType = file.storyboard; name = Base; path = Base.lproj/Main.storyboard; sourceTree = "<group>"; };
		7632D4DF23A8262B00335953 /* Assets.xcassets */ = {isa = PBXFileReference; lastKnownFileType = folder.assetcatalog; path = Assets.xcassets; sourceTree = "<group>"; };
		7632D4E223A8262B00335953 /* Base */ = {isa = PBXFileReference; lastKnownFileType = file.storyboard; name = Base; path = Base.lproj/LaunchScreen.storyboard; sourceTree = "<group>"; };
		7632D4E423A8262B00335953 /* Info.plist */ = {isa = PBXFileReference; lastKnownFileType = text.plist.xml; path = Info.plist; sourceTree = "<group>"; };
		7632D4E923A8262B00335953 /* theMovie-appTests.xctest */ = {isa = PBXFileReference; explicitFileType = wrapper.cfbundle; includeInIndex = 0; path = "theMovie-appTests.xctest"; sourceTree = BUILT_PRODUCTS_DIR; };
		7632D4ED23A8262B00335953 /* theMovie_appTests.swift */ = {isa = PBXFileReference; lastKnownFileType = sourcecode.swift; path = theMovie_appTests.swift; sourceTree = "<group>"; };
		7632D4EF23A8262B00335953 /* Info.plist */ = {isa = PBXFileReference; lastKnownFileType = text.plist.xml; path = Info.plist; sourceTree = "<group>"; };
		7632D4FD23A83E8A00335953 /* MovieViewController.swift */ = {isa = PBXFileReference; lastKnownFileType = sourcecode.swift; path = MovieViewController.swift; sourceTree = "<group>"; };
		7632D50023A8411500335953 /* Extensions.swift */ = {isa = PBXFileReference; lastKnownFileType = sourcecode.swift; path = Extensions.swift; sourceTree = "<group>"; };
		763B7FE223A938E5002FEC94 /* ItemCollectionViewCell.swift */ = {isa = PBXFileReference; lastKnownFileType = sourcecode.swift; path = ItemCollectionViewCell.swift; sourceTree = "<group>"; };
		763B7FE323A938E5002FEC94 /* ItemCollectionViewCell.xib */ = {isa = PBXFileReference; lastKnownFileType = file.xib; path = ItemCollectionViewCell.xib; sourceTree = "<group>"; };
		763B7FE723A949A7002FEC94 /* Movie.swift */ = {isa = PBXFileReference; lastKnownFileType = sourcecode.swift; path = Movie.swift; sourceTree = "<group>"; };
		763B7FEA23A95A17002FEC94 /* PopularMovie.swift */ = {isa = PBXFileReference; lastKnownFileType = sourcecode.swift; path = PopularMovie.swift; sourceTree = "<group>"; };
		763B7FEC23A95A47002FEC94 /* GenreList.swift */ = {isa = PBXFileReference; lastKnownFileType = sourcecode.swift; path = GenreList.swift; sourceTree = "<group>"; };
		763B7FF023A95DD2002FEC94 /* TheMovieRoutes.swift */ = {isa = PBXFileReference; lastKnownFileType = sourcecode.swift; path = TheMovieRoutes.swift; sourceTree = "<group>"; };
		763B7FF423A96DB8002FEC94 /* APIError.swift */ = {isa = PBXFileReference; lastKnownFileType = sourcecode.swift; path = APIError.swift; sourceTree = "<group>"; };
		763B7FF623A9703E002FEC94 /* RestManager.swift */ = {isa = PBXFileReference; lastKnownFileType = sourcecode.swift; path = RestManager.swift; sourceTree = "<group>"; };
		763B7FF823A987BB002FEC94 /* HttpMethod.swift */ = {isa = PBXFileReference; lastKnownFileType = sourcecode.swift; path = HttpMethod.swift; sourceTree = "<group>"; };
/* End PBXFileReference section */

/* Begin PBXFrameworksBuildPhase section */
		7632D4D023A8262900335953 /* Frameworks */ = {
			isa = PBXFrameworksBuildPhase;
			buildActionMask = 2147483647;
			files = (
			);
			runOnlyForDeploymentPostprocessing = 0;
		};
		7632D4E623A8262B00335953 /* Frameworks */ = {
			isa = PBXFrameworksBuildPhase;
			buildActionMask = 2147483647;
			files = (
			);
			runOnlyForDeploymentPostprocessing = 0;
		};
/* End PBXFrameworksBuildPhase section */

/* Begin PBXGroup section */
		7632D4CA23A8262900335953 = {
			isa = PBXGroup;
			children = (
				7632D4D523A8262900335953 /* theMovie-app */,
				7632D4EC23A8262B00335953 /* theMovie-appTests */,
				7632D4D423A8262900335953 /* Products */,
			);
			sourceTree = "<group>";
		};
		7632D4D423A8262900335953 /* Products */ = {
			isa = PBXGroup;
			children = (
				7632D4D323A8262900335953 /* theMovie-app.app */,
				7632D4E923A8262B00335953 /* theMovie-appTests.xctest */,
			);
			name = Products;
			sourceTree = "<group>";
		};
		7632D4D523A8262900335953 /* theMovie-app */ = {
			isa = PBXGroup;
			children = (
				763B7FE923A94A8F002FEC94 /* REST */,
				763B7FE623A94991002FEC94 /* Models */,
				7632D4FF23A840EB00335953 /* Extensions */,
				7632D4FC23A8362400335953 /* Controllers */,
				7632D4D623A8262900335953 /* AppDelegate.swift */,
				763B7FE223A938E5002FEC94 /* ItemCollectionViewCell.swift */,
				763B7FE323A938E5002FEC94 /* ItemCollectionViewCell.xib */,
				7632D4D823A8262900335953 /* SceneDelegate.swift */,
				7632D4DC23A8262900335953 /* Main.storyboard */,
				7632D4DF23A8262B00335953 /* Assets.xcassets */,
				7632D4E123A8262B00335953 /* LaunchScreen.storyboard */,
				7632D4E423A8262B00335953 /* Info.plist */,
			);
			path = "theMovie-app";
			sourceTree = "<group>";
		};
		7632D4EC23A8262B00335953 /* theMovie-appTests */ = {
			isa = PBXGroup;
			children = (
				7632D4ED23A8262B00335953 /* theMovie_appTests.swift */,
				7632D4EF23A8262B00335953 /* Info.plist */,
			);
			path = "theMovie-appTests";
			sourceTree = "<group>";
		};
		7632D4FC23A8362400335953 /* Controllers */ = {
			isa = PBXGroup;
			children = (
				7632D4FD23A83E8A00335953 /* MovieViewController.swift */,
			);
			path = Controllers;
			sourceTree = "<group>";
		};
		7632D4FF23A840EB00335953 /* Extensions */ = {
			isa = PBXGroup;
			children = (
				7632D50023A8411500335953 /* Extensions.swift */,
			);
			path = Extensions;
			sourceTree = "<group>";
		};
		763B7FE623A94991002FEC94 /* Models */ = {
			isa = PBXGroup;
			children = (
				763B7FE723A949A7002FEC94 /* Movie.swift */,
				763B7FEA23A95A17002FEC94 /* PopularMovie.swift */,
				763B7FEC23A95A47002FEC94 /* GenreList.swift */,
			);
			path = Models;
			sourceTree = "<group>";
		};
		763B7FE923A94A8F002FEC94 /* REST */ = {
			isa = PBXGroup;
			children = (
				763B7FF023A95DD2002FEC94 /* TheMovieRoutes.swift */,
				763B7FF423A96DB8002FEC94 /* APIError.swift */,
				763B7FF623A9703E002FEC94 /* RestManager.swift */,
				763B7FF823A987BB002FEC94 /* HttpMethod.swift */,
			);
			path = REST;
			sourceTree = "<group>";
		};
/* End PBXGroup section */

/* Begin PBXNativeTarget section */
		7632D4D223A8262900335953 /* theMovie-app */ = {
			isa = PBXNativeTarget;
			buildConfigurationList = 7632D4F223A8262B00335953 /* Build configuration list for PBXNativeTarget "theMovie-app" */;
			buildPhases = (
				7632D4CF23A8262900335953 /* Sources */,
				7632D4D023A8262900335953 /* Frameworks */,
				7632D4D123A8262900335953 /* Resources */,
			);
			buildRules = (
			);
			dependencies = (
			);
			name = "theMovie-app";
			productName = "theMovie-app";
			productReference = 7632D4D323A8262900335953 /* theMovie-app.app */;
			productType = "com.apple.product-type.application";
		};
		7632D4E823A8262B00335953 /* theMovie-appTests */ = {
			isa = PBXNativeTarget;
			buildConfigurationList = 7632D4F523A8262B00335953 /* Build configuration list for PBXNativeTarget "theMovie-appTests" */;
			buildPhases = (
				7632D4E523A8262B00335953 /* Sources */,
				7632D4E623A8262B00335953 /* Frameworks */,
				7632D4E723A8262B00335953 /* Resources */,
			);
			buildRules = (
			);
			dependencies = (
				7632D4EB23A8262B00335953 /* PBXTargetDependency */,
			);
			name = "theMovie-appTests";
			productName = "theMovie-appTests";
			productReference = 7632D4E923A8262B00335953 /* theMovie-appTests.xctest */;
			productType = "com.apple.product-type.bundle.unit-test";
		};
/* End PBXNativeTarget section */

/* Begin PBXProject section */
		7632D4CB23A8262900335953 /* Project object */ = {
			isa = PBXProject;
			attributes = {
				LastSwiftUpdateCheck = 1130;
				LastUpgradeCheck = 1130;
				ORGANIZATIONNAME = adriel;
				TargetAttributes = {
					7632D4D223A8262900335953 = {
						CreatedOnToolsVersion = 11.3;
					};
					7632D4E823A8262B00335953 = {
						CreatedOnToolsVersion = 11.3;
						TestTargetID = 7632D4D223A8262900335953;
					};
				};
			};
			buildConfigurationList = 7632D4CE23A8262900335953 /* Build configuration list for PBXProject "theMovie-app" */;
			compatibilityVersion = "Xcode 9.3";
			developmentRegion = en;
			hasScannedForEncodings = 0;
			knownRegions = (
				en,
				Base,
			);
			mainGroup = 7632D4CA23A8262900335953;
			productRefGroup = 7632D4D423A8262900335953 /* Products */;
			projectDirPath = "";
			projectRoot = "";
			targets = (
				7632D4D223A8262900335953 /* theMovie-app */,
				7632D4E823A8262B00335953 /* theMovie-appTests */,
			);
		};
/* End PBXProject section */

/* Begin PBXResourcesBuildPhase section */
		7632D4D123A8262900335953 /* Resources */ = {
			isa = PBXResourcesBuildPhase;
			buildActionMask = 2147483647;
			files = (
				7632D4E323A8262B00335953 /* LaunchScreen.storyboard in Resources */,
				763B7FE523A938E5002FEC94 /* ItemCollectionViewCell.xib in Resources */,
				7632D4E023A8262B00335953 /* Assets.xcassets in Resources */,
				7632D4DE23A8262900335953 /* Main.storyboard in Resources */,
			);
			runOnlyForDeploymentPostprocessing = 0;
		};
		7632D4E723A8262B00335953 /* Resources */ = {
			isa = PBXResourcesBuildPhase;
			buildActionMask = 2147483647;
			files = (
			);
			runOnlyForDeploymentPostprocessing = 0;
		};
/* End PBXResourcesBuildPhase section */

/* Begin PBXSourcesBuildPhase section */
		7632D4CF23A8262900335953 /* Sources */ = {
			isa = PBXSourcesBuildPhase;
			buildActionMask = 2147483647;
			files = (
				763B7FE423A938E5002FEC94 /* ItemCollectionViewCell.swift in Sources */,
				7632D4D723A8262900335953 /* AppDelegate.swift in Sources */,
				763B7FF923A987BB002FEC94 /* HttpMethod.swift in Sources */,
				763B7FEB23A95A17002FEC94 /* PopularMovie.swift in Sources */,
				763B7FE823A949A7002FEC94 /* Movie.swift in Sources */,
				763B7FF523A96DB8002FEC94 /* APIError.swift in Sources */,
				7632D4D923A8262900335953 /* SceneDelegate.swift in Sources */,
				7632D4FE23A83E8A00335953 /* MovieViewController.swift in Sources */,
				7632D50123A8411500335953 /* Extensions.swift in Sources */,
				763B7FED23A95A47002FEC94 /* GenreList.swift in Sources */,
				763B7FF123A95DD2002FEC94 /* TheMovieRoutes.swift in Sources */,
				763B7FF723A9703E002FEC94 /* RestManager.swift in Sources */,
			);
			runOnlyForDeploymentPostprocessing = 0;
		};
		7632D4E523A8262B00335953 /* Sources */ = {
			isa = PBXSourcesBuildPhase;
			buildActionMask = 2147483647;
			files = (
				7632D4EE23A8262B00335953 /* theMovie_appTests.swift in Sources */,
			);
			runOnlyForDeploymentPostprocessing = 0;
		};
/* End PBXSourcesBuildPhase section */

/* Begin PBXTargetDependency section */
		7632D4EB23A8262B00335953 /* PBXTargetDependency */ = {
			isa = PBXTargetDependency;
			target = 7632D4D223A8262900335953 /* theMovie-app */;
			targetProxy = 7632D4EA23A8262B00335953 /* PBXContainerItemProxy */;
		};
/* End PBXTargetDependency section */

/* Begin PBXVariantGroup section */
		7632D4DC23A8262900335953 /* Main.storyboard */ = {
			isa = PBXVariantGroup;
			children = (
				7632D4DD23A8262900335953 /* Base */,
			);
			name = Main.storyboard;
			sourceTree = "<group>";
		};
		7632D4E123A8262B00335953 /* LaunchScreen.storyboard */ = {
			isa = PBXVariantGroup;
			children = (
				7632D4E223A8262B00335953 /* Base */,
			);
			name = LaunchScreen.storyboard;
			sourceTree = "<group>";
		};
/* End PBXVariantGroup section */

/* Begin XCBuildConfiguration section */
		7632D4F023A8262B00335953 /* Debug */ = {
			isa = XCBuildConfiguration;
			buildSettings = {
				ALWAYS_SEARCH_USER_PATHS = NO;
				CLANG_ANALYZER_NONNULL = YES;
				CLANG_ANALYZER_NUMBER_OBJECT_CONVERSION = YES_AGGRESSIVE;
				CLANG_CXX_LANGUAGE_STANDARD = "gnu++14";
				CLANG_CXX_LIBRARY = "libc++";
				CLANG_ENABLE_MODULES = YES;
				CLANG_ENABLE_OBJC_ARC = YES;
				CLANG_ENABLE_OBJC_WEAK = YES;
				CLANG_WARN_BLOCK_CAPTURE_AUTORELEASING = YES;
				CLANG_WARN_BOOL_CONVERSION = YES;
				CLANG_WARN_COMMA = YES;
				CLANG_WARN_CONSTANT_CONVERSION = YES;
				CLANG_WARN_DEPRECATED_OBJC_IMPLEMENTATIONS = YES;
				CLANG_WARN_DIRECT_OBJC_ISA_USAGE = YES_ERROR;
				CLANG_WARN_DOCUMENTATION_COMMENTS = YES;
				CLANG_WARN_EMPTY_BODY = YES;
				CLANG_WARN_ENUM_CONVERSION = YES;
				CLANG_WARN_INFINITE_RECURSION = YES;
				CLANG_WARN_INT_CONVERSION = YES;
				CLANG_WARN_NON_LITERAL_NULL_CONVERSION = YES;
				CLANG_WARN_OBJC_IMPLICIT_RETAIN_SELF = YES;
				CLANG_WARN_OBJC_LITERAL_CONVERSION = YES;
				CLANG_WARN_OBJC_ROOT_CLASS = YES_ERROR;
				CLANG_WARN_RANGE_LOOP_ANALYSIS = YES;
				CLANG_WARN_STRICT_PROTOTYPES = YES;
				CLANG_WARN_SUSPICIOUS_MOVE = YES;
				CLANG_WARN_UNGUARDED_AVAILABILITY = YES_AGGRESSIVE;
				CLANG_WARN_UNREACHABLE_CODE = YES;
				CLANG_WARN__DUPLICATE_METHOD_MATCH = YES;
				COPY_PHASE_STRIP = NO;
				DEBUG_INFORMATION_FORMAT = dwarf;
				ENABLE_STRICT_OBJC_MSGSEND = YES;
				ENABLE_TESTABILITY = YES;
				GCC_C_LANGUAGE_STANDARD = gnu11;
				GCC_DYNAMIC_NO_PIC = NO;
				GCC_NO_COMMON_BLOCKS = YES;
				GCC_OPTIMIZATION_LEVEL = 0;
				GCC_PREPROCESSOR_DEFINITIONS = (
					"DEBUG=1",
					"$(inherited)",
				);
				GCC_WARN_64_TO_32_BIT_CONVERSION = YES;
				GCC_WARN_ABOUT_RETURN_TYPE = YES_ERROR;
				GCC_WARN_UNDECLARED_SELECTOR = YES;
				GCC_WARN_UNINITIALIZED_AUTOS = YES_AGGRESSIVE;
				GCC_WARN_UNUSED_FUNCTION = YES;
				GCC_WARN_UNUSED_VARIABLE = YES;
				IPHONEOS_DEPLOYMENT_TARGET = 13.2;
				MTL_ENABLE_DEBUG_INFO = INCLUDE_SOURCE;
				MTL_FAST_MATH = YES;
				ONLY_ACTIVE_ARCH = YES;
				SDKROOT = iphoneos;
				SWIFT_ACTIVE_COMPILATION_CONDITIONS = DEBUG;
				SWIFT_OPTIMIZATION_LEVEL = "-Onone";
			};
			name = Debug;
		};
		7632D4F123A8262B00335953 /* Release */ = {
			isa = XCBuildConfiguration;
			buildSettings = {
				ALWAYS_SEARCH_USER_PATHS = NO;
				CLANG_ANALYZER_NONNULL = YES;
				CLANG_ANALYZER_NUMBER_OBJECT_CONVERSION = YES_AGGRESSIVE;
				CLANG_CXX_LANGUAGE_STANDARD = "gnu++14";
				CLANG_CXX_LIBRARY = "libc++";
				CLANG_ENABLE_MODULES = YES;
				CLANG_ENABLE_OBJC_ARC = YES;
				CLANG_ENABLE_OBJC_WEAK = YES;
				CLANG_WARN_BLOCK_CAPTURE_AUTORELEASING = YES;
				CLANG_WARN_BOOL_CONVERSION = YES;
				CLANG_WARN_COMMA = YES;
				CLANG_WARN_CONSTANT_CONVERSION = YES;
				CLANG_WARN_DEPRECATED_OBJC_IMPLEMENTATIONS = YES;
				CLANG_WARN_DIRECT_OBJC_ISA_USAGE = YES_ERROR;
				CLANG_WARN_DOCUMENTATION_COMMENTS = YES;
				CLANG_WARN_EMPTY_BODY = YES;
				CLANG_WARN_ENUM_CONVERSION = YES;
				CLANG_WARN_INFINITE_RECURSION = YES;
				CLANG_WARN_INT_CONVERSION = YES;
				CLANG_WARN_NON_LITERAL_NULL_CONVERSION = YES;
				CLANG_WARN_OBJC_IMPLICIT_RETAIN_SELF = YES;
				CLANG_WARN_OBJC_LITERAL_CONVERSION = YES;
				CLANG_WARN_OBJC_ROOT_CLASS = YES_ERROR;
				CLANG_WARN_RANGE_LOOP_ANALYSIS = YES;
				CLANG_WARN_STRICT_PROTOTYPES = YES;
				CLANG_WARN_SUSPICIOUS_MOVE = YES;
				CLANG_WARN_UNGUARDED_AVAILABILITY = YES_AGGRESSIVE;
				CLANG_WARN_UNREACHABLE_CODE = YES;
				CLANG_WARN__DUPLICATE_METHOD_MATCH = YES;
				COPY_PHASE_STRIP = NO;
				DEBUG_INFORMATION_FORMAT = "dwarf-with-dsym";
				ENABLE_NS_ASSERTIONS = NO;
				ENABLE_STRICT_OBJC_MSGSEND = YES;
				GCC_C_LANGUAGE_STANDARD = gnu11;
				GCC_NO_COMMON_BLOCKS = YES;
				GCC_WARN_64_TO_32_BIT_CONVERSION = YES;
				GCC_WARN_ABOUT_RETURN_TYPE = YES_ERROR;
				GCC_WARN_UNDECLARED_SELECTOR = YES;
				GCC_WARN_UNINITIALIZED_AUTOS = YES_AGGRESSIVE;
				GCC_WARN_UNUSED_FUNCTION = YES;
				GCC_WARN_UNUSED_VARIABLE = YES;
				IPHONEOS_DEPLOYMENT_TARGET = 13.2;
				MTL_ENABLE_DEBUG_INFO = NO;
				MTL_FAST_MATH = YES;
				SDKROOT = iphoneos;
				SWIFT_COMPILATION_MODE = wholemodule;
				SWIFT_OPTIMIZATION_LEVEL = "-O";
				VALIDATE_PRODUCT = YES;
			};
			name = Release;
		};
		7632D4F323A8262B00335953 /* Debug */ = {
			isa = XCBuildConfiguration;
			buildSettings = {
				ASSETCATALOG_COMPILER_APPICON_NAME = AppIcon;
				CODE_SIGN_STYLE = Automatic;
				INFOPLIST_FILE = "theMovie-app/Info.plist";
				LD_RUNPATH_SEARCH_PATHS = (
					"$(inherited)",
					"@executable_path/Frameworks",
				);
				PRODUCT_BUNDLE_IDENTIFIER = "br.com.theMovie-app";
				PRODUCT_NAME = "$(TARGET_NAME)";
				SWIFT_VERSION = 5.0;
				TARGETED_DEVICE_FAMILY = "1,2";
			};
			name = Debug;
		};
		7632D4F423A8262B00335953 /* Release */ = {
			isa = XCBuildConfiguration;
			buildSettings = {
				ASSETCATALOG_COMPILER_APPICON_NAME = AppIcon;
				CODE_SIGN_STYLE = Automatic;
				INFOPLIST_FILE = "theMovie-app/Info.plist";
				LD_RUNPATH_SEARCH_PATHS = (
					"$(inherited)",
					"@executable_path/Frameworks",
				);
				PRODUCT_BUNDLE_IDENTIFIER = "br.com.theMovie-app";
				PRODUCT_NAME = "$(TARGET_NAME)";
				SWIFT_VERSION = 5.0;
				TARGETED_DEVICE_FAMILY = "1,2";
			};
			name = Release;
		};
		7632D4F623A8262B00335953 /* Debug */ = {
			isa = XCBuildConfiguration;
			buildSettings = {
				ALWAYS_EMBED_SWIFT_STANDARD_LIBRARIES = YES;
				BUNDLE_LOADER = "$(TEST_HOST)";
				CODE_SIGN_STYLE = Automatic;
				INFOPLIST_FILE = "theMovie-appTests/Info.plist";
				IPHONEOS_DEPLOYMENT_TARGET = 13.2;
				LD_RUNPATH_SEARCH_PATHS = (
					"$(inherited)",
					"@executable_path/Frameworks",
					"@loader_path/Frameworks",
				);
				PRODUCT_BUNDLE_IDENTIFIER = "br.com.theMovie-appTests";
				PRODUCT_NAME = "$(TARGET_NAME)";
				SWIFT_VERSION = 5.0;
				TARGETED_DEVICE_FAMILY = "1,2";
				TEST_HOST = "$(BUILT_PRODUCTS_DIR)/theMovie-app.app/theMovie-app";
			};
			name = Debug;
		};
		7632D4F723A8262B00335953 /* Release */ = {
			isa = XCBuildConfiguration;
			buildSettings = {
				ALWAYS_EMBED_SWIFT_STANDARD_LIBRARIES = YES;
				BUNDLE_LOADER = "$(TEST_HOST)";
				CODE_SIGN_STYLE = Automatic;
				INFOPLIST_FILE = "theMovie-appTests/Info.plist";
				IPHONEOS_DEPLOYMENT_TARGET = 13.2;
				LD_RUNPATH_SEARCH_PATHS = (
					"$(inherited)",
					"@executable_path/Frameworks",
					"@loader_path/Frameworks",
				);
				PRODUCT_BUNDLE_IDENTIFIER = "br.com.theMovie-appTests";
				PRODUCT_NAME = "$(TARGET_NAME)";
				SWIFT_VERSION = 5.0;
				TARGETED_DEVICE_FAMILY = "1,2";
				TEST_HOST = "$(BUILT_PRODUCTS_DIR)/theMovie-app.app/theMovie-app";
			};
			name = Release;
		};
/* End XCBuildConfiguration section */

/* Begin XCConfigurationList section */
		7632D4CE23A8262900335953 /* Build configuration list for PBXProject "theMovie-app" */ = {
			isa = XCConfigurationList;
			buildConfigurations = (
				7632D4F023A8262B00335953 /* Debug */,
				7632D4F123A8262B00335953 /* Release */,
			);
			defaultConfigurationIsVisible = 0;
			defaultConfigurationName = Release;
		};
		7632D4F223A8262B00335953 /* Build configuration list for PBXNativeTarget "theMovie-app" */ = {
			isa = XCConfigurationList;
			buildConfigurations = (
				7632D4F323A8262B00335953 /* Debug */,
				7632D4F423A8262B00335953 /* Release */,
			);
			defaultConfigurationIsVisible = 0;
			defaultConfigurationName = Release;
		};
		7632D4F523A8262B00335953 /* Build configuration list for PBXNativeTarget "theMovie-appTests" */ = {
			isa = XCConfigurationList;
			buildConfigurations = (
				7632D4F623A8262B00335953 /* Debug */,
				7632D4F723A8262B00335953 /* Release */,
			);
			defaultConfigurationIsVisible = 0;
			defaultConfigurationName = Release;
		};
/* End XCConfigurationList section */
	};
	rootObject = 7632D4CB23A8262900335953 /* Project object */;
}
